
Microsoft Visual Studio Solution File, Format Version 12.00
Project("{FAE04EC0-301F-11D3-BF4B-00C04F79EFBC}") = "DemoWebApplication", "DemoWebApplication\DemoWebApplication.csproj", "{59B5D1EC-A388-4BF7-B897-614DEE2958A1}"
EndProject
Project("{2150E333-8FDC-42A3-9474-1A3956D46DE8}") = "Documentation", "Documentation", "{F34B18C5-8BAF-41FD-BEB0-5A570E5D29E6}"
ProjectSection(SolutionItems) = preProject
	README.md = README.md
	notes.md = notes.md
EndProjectSection
EndProject
Global
	GlobalSection(SolutionConfigurationPlatforms) = preSolution
		Debug|Any CPU = Debug|Any CPU
		Release|Any CPU = Release|Any CPU
	EndGlobalSection
	GlobalSection(ProjectConfigurationPlatforms) = postSolution
		{59B5D1EC-A388-4BF7-B897-614DEE2958A1}.Debug|Any CPU.ActiveCfg = Debug|Any CPU
		{59B5D1EC-A388-4BF7-B897-614DEE2958A1}.Debug|Any CPU.Build.0 = Debug|Any CPU
		{59B5D1EC-A388-4BF7-B897-614DEE2958A1}.Release|Any CPU.ActiveCfg = Release|Any CPU
		{59B5D1EC-A388-4BF7-B897-614DEE2958A1}.Release|Any CPU.Build.0 = Release|Any CPU
	EndGlobalSection
EndGlobal
